
Microsoft Visual Studio Solution File, Format Version 11.00
# Visual Studio 2010
Project("{FAE04EC0-301F-11D3-BF4B-00C04F79EFBC}") = "OSys", "OSys\OSys.csproj", "{A3765DB2-082C-45A8-9283-C61C4F02D9F8}"
EndProject
Project("{FAE04EC0-301F-11D3-BF4B-00C04F79EFBC}") = "OrderingSystems", "..\..\Dalton\Pawnshop\OrderingSystems\OrderingSystems.csproj", "{BB87F914-9AD4-4482-B6E0-8C8E6682E3EC}"
EndProject
Global
	GlobalSection(SolutionConfigurationPlatforms) = preSolution
		Debug|x86 = Debug|x86
		Release|x86 = Release|x86
	EndGlobalSection
	GlobalSection(ProjectConfigurationPlatforms) = postSolution
		{A3765DB2-082C-45A8-9283-C61C4F02D9F8}.Debug|x86.ActiveCfg = Debug|x86
		{A3765DB2-082C-45A8-9283-C61C4F02D9F8}.Debug|x86.Build.0 = Debug|x86
		{A3765DB2-082C-45A8-9283-C61C4F02D9F8}.Release|x86.ActiveCfg = Release|x86
		{A3765DB2-082C-45A8-9283-C61C4F02D9F8}.Release|x86.Build.0 = Release|x86
		{BB87F914-9AD4-4482-B6E0-8C8E6682E3EC}.Debug|x86.ActiveCfg = Debug|x86
		{BB87F914-9AD4-4482-B6E0-8C8E6682E3EC}.Debug|x86.Build.0 = Debug|x86
		{BB87F914-9AD4-4482-B6E0-8C8E6682E3EC}.Release|x86.ActiveCfg = Release|x86
		{BB87F914-9AD4-4482-B6E0-8C8E6682E3EC}.Release|x86.Build.0 = Release|x86
	EndGlobalSection
	GlobalSection(SolutionProperties) = preSolution
		HideSolutionNode = FALSE
	EndGlobalSection
EndGlobal
